github.com/google/gops v0.3.28 h1:2Xr57tqKAmQYRAfG12E+yLcoa2Y42UJo2lOrUFL9ark=
github.com/google/gops v0.3.28/go.mod h1:6f6+Nl8LcHrzJwi8+p0ii+vmBFSlB4f8cOOkTJ7sk4c=
golang.org/x/sys v0.11.0 h1:eG7RXZHdqOJ1i+0lgLgCpSXAp6M3LYlAo6osgSi0xOM=
golang.org/x/sys v0.11.0/go.mod h1:oPkhp1MJrh7nUepCBck5+mAzfO9JrbApNNgaTdGDITg=
